
Microsoft Visual Studio Solution File, Format Version 12.00
# Visual Studio Version 16
VisualStudioVersion = 16.0.30413.136
MinimumVisualStudioVersion = 10.0.40219.1
Project("{8BC9CEB8-8B4A-11D0-8D11-00A0C91BC942}") = "multiplyByTwo", "multiplyByTwo.vcxproj", "{78580F40-BF80-4B8C-8DC6-96857E8F0B99}"
EndProject
Global
	GlobalSection(SolutionConfigurationPlatforms) = preSolution
		Debug|x64 = Debug|x64
		Debug|x86 = Debug|x86
		Release|x64 = Release|x64
		Release|x86 = Release|x86
	EndGlobalSection
	GlobalSection(ProjectConfigurationPlatforms) = postSolution
		{78580F40-BF80-4B8C-8DC6-96857E8F0B99}.Debug|x64.ActiveCfg = Debug|x64
		{78580F40-BF80-4B8C-8DC6-96857E8F0B99}.Debug|x64.Build.0 = Debug|x64
		{78580F40-BF80-4B8C-8DC6-96857E8F0B99}.Debug|x86.ActiveCfg = Debug|Win32
		{78580F40-BF80-4B8C-8DC6-96857E8F0B99}.Debug|x86.Build.0 = Debug|Win32
		{78580F40-BF80-4B8C-8DC6-96857E8F0B99}.Release|x64.ActiveCfg = Release|x64
		{78580F40-BF80-4B8C-8DC6-96857E8F0B99}.Release|x64.Build.0 = Release|x64
		{78580F40-BF80-4B8C-8DC6-96857E8F0B99}.Release|x86.ActiveCfg = Release|Win32
		{78580F40-BF80-4B8C-8DC6-96857E8F0B99}.Release|x86.Build.0 = Release|Win32
	EndGlobalSection
	GlobalSection(SolutionProperties) = preSolution
		HideSolutionNode = FALSE
	EndGlobalSection
	GlobalSection(ExtensibilityGlobals) = postSolution
		SolutionGuid = {AE350B54-6AB4-41E1-88A1-E267FC8035D3}
	EndGlobalSection
EndGlobal
