
Microsoft Visual Studio Solution File, Format Version 12.00
# Visual Studio Version 16
VisualStudioVersion = 16.0.30413.136
MinimumVisualStudioVersion = 10.0.40219.1
Project("{8BC9CEB8-8B4A-11D0-8D11-00A0C91BC942}") = "testver", "testver.vcxproj", "{EBBE8B95-6AF9-49AC-B591-4FB53AD77FDE}"
EndProject
Global
	GlobalSection(SolutionConfigurationPlatforms) = preSolution
		Debug|x64 = Debug|x64
		Debug|x86 = Debug|x86
		Release|x64 = Release|x64
		Release|x86 = Release|x86
	EndGlobalSection
	GlobalSection(ProjectConfigurationPlatforms) = postSolution
		{EBBE8B95-6AF9-49AC-B591-4FB53AD77FDE}.Debug|x64.ActiveCfg = Debug|x64
		{EBBE8B95-6AF9-49AC-B591-4FB53AD77FDE}.Debug|x64.Build.0 = Debug|x64
		{EBBE8B95-6AF9-49AC-B591-4FB53AD77FDE}.Debug|x86.ActiveCfg = Debug|Win32
		{EBBE8B95-6AF9-49AC-B591-4FB53AD77FDE}.Debug|x86.Build.0 = Debug|Win32
		{EBBE8B95-6AF9-49AC-B591-4FB53AD77FDE}.Release|x64.ActiveCfg = Release|x64
		{EBBE8B95-6AF9-49AC-B591-4FB53AD77FDE}.Release|x64.Build.0 = Release|x64
		{EBBE8B95-6AF9-49AC-B591-4FB53AD77FDE}.Release|x86.ActiveCfg = Release|Win32
		{EBBE8B95-6AF9-49AC-B591-4FB53AD77FDE}.Release|x86.Build.0 = Release|Win32
	EndGlobalSection
	GlobalSection(SolutionProperties) = preSolution
		HideSolutionNode = FALSE
	EndGlobalSection
	GlobalSection(ExtensibilityGlobals) = postSolution
		SolutionGuid = {E06D2E7E-023D-47D4-9EBF-45B4DD320419}
	EndGlobalSection
EndGlobal
